
Microsoft Visual Studio Solution File, Format Version 12.00
Project("{FAE04EC0-301F-11D3-BF4B-00C04F79EFBC}") = "QueryableCsv", "QueryableCsv\QueryableCsv.csproj", "{29C3F8FB-6693-4945-8460-805AA124656B}"
EndProject
Project("{FAE04EC0-301F-11D3-BF4B-00C04F79EFBC}") = "QueryableCsv.Test", "QueryableCsv.Test\QueryableCsv.Test.csproj", "{F97EB808-E46D-4B71-9703-5B69F80630CB}"
EndProject
Global
	GlobalSection(SolutionConfigurationPlatforms) = preSolution
		Debug|Any CPU = Debug|Any CPU
		Release|Any CPU = Release|Any CPU
	EndGlobalSection
	GlobalSection(ProjectConfigurationPlatforms) = postSolution
		{29C3F8FB-6693-4945-8460-805AA124656B}.Debug|Any CPU.ActiveCfg = Debug|Any CPU
		{29C3F8FB-6693-4945-8460-805AA124656B}.Debug|Any CPU.Build.0 = Debug|Any CPU
		{29C3F8FB-6693-4945-8460-805AA124656B}.Release|Any CPU.ActiveCfg = Release|Any CPU
		{29C3F8FB-6693-4945-8460-805AA124656B}.Release|Any CPU.Build.0 = Release|Any CPU
		{F97EB808-E46D-4B71-9703-5B69F80630CB}.Debug|Any CPU.ActiveCfg = Debug|Any CPU
		{F97EB808-E46D-4B71-9703-5B69F80630CB}.Debug|Any CPU.Build.0 = Debug|Any CPU
		{F97EB808-E46D-4B71-9703-5B69F80630CB}.Release|Any CPU.ActiveCfg = Release|Any CPU
		{F97EB808-E46D-4B71-9703-5B69F80630CB}.Release|Any CPU.Build.0 = Release|Any CPU
	EndGlobalSection
EndGlobal
